
Microsoft Visual Studio Solution File, Format Version 12.00
# Visual Studio Version 17
VisualStudioVersion = 17.8.34330.188
MinimumVisualStudioVersion = 10.0.40219.1
Project("{FAE04EC0-301F-11D3-BF4B-00C04F79EFBC}") = "EMP_BACKEND", "EMP_BACKEND\EMP_BACKEND.csproj", "{7BF7B699-043B-46A7-BC6C-AE569AB6CC58}"
EndProject
Global
	GlobalSection(SolutionConfigurationPlatforms) = preSolution
		Debug|Any CPU = Debug|Any CPU
		Release|Any CPU = Release|Any CPU
	EndGlobalSection
	GlobalSection(ProjectConfigurationPlatforms) = postSolution
		{7BF7B699-043B-46A7-BC6C-AE569AB6CC58}.Debug|Any CPU.ActiveCfg = Debug|Any CPU
		{7BF7B699-043B-46A7-BC6C-AE569AB6CC58}.Debug|Any CPU.Build.0 = Debug|Any CPU
		{7BF7B699-043B-46A7-BC6C-AE569AB6CC58}.Release|Any CPU.ActiveCfg = Release|Any CPU
		{7BF7B699-043B-46A7-BC6C-AE569AB6CC58}.Release|Any CPU.Build.0 = Release|Any CPU
	EndGlobalSection
	GlobalSection(SolutionProperties) = preSolution
		HideSolutionNode = FALSE
	EndGlobalSection
	GlobalSection(ExtensibilityGlobals) = postSolution
		SolutionGuid = {7A08A0DA-268F-4B99-B5E1-4F9A7D693B77}
	EndGlobalSection
EndGlobal
